
Microsoft Visual Studio Solution File, Format Version 12.00
# Visual Studio Version 17
VisualStudioVersion = 17.3.32929.385
MinimumVisualStudioVersion = 10.0.40219.1
Project("{FAE04EC0-301F-11D3-BF4B-00C04F79EFBC}") = "goznak_test_task", "goznak_test_task\goznak_test_task.csproj", "{34BB86D9-C20A-41B8-B0C9-AAC2184B37BA}"
EndProject
Global
	GlobalSection(SolutionConfigurationPlatforms) = preSolution
		Debug|Any CPU = Debug|Any CPU
		Release|Any CPU = Release|Any CPU
	EndGlobalSection
	GlobalSection(ProjectConfigurationPlatforms) = postSolution
		{34BB86D9-C20A-41B8-B0C9-AAC2184B37BA}.Debug|Any CPU.ActiveCfg = Debug|Any CPU
		{34BB86D9-C20A-41B8-B0C9-AAC2184B37BA}.Debug|Any CPU.Build.0 = Debug|Any CPU
		{34BB86D9-C20A-41B8-B0C9-AAC2184B37BA}.Release|Any CPU.ActiveCfg = Release|Any CPU
		{34BB86D9-C20A-41B8-B0C9-AAC2184B37BA}.Release|Any CPU.Build.0 = Release|Any CPU
	EndGlobalSection
	GlobalSection(SolutionProperties) = preSolution
		HideSolutionNode = FALSE
	EndGlobalSection
	GlobalSection(ExtensibilityGlobals) = postSolution
		SolutionGuid = {C9B8FC8C-9B16-4D15-8D46-3691713B9E64}
	EndGlobalSection
EndGlobal
